
Microsoft Visual Studio Solution File, Format Version 12.00
# Visual Studio Version 16
VisualStudioVersion = 16.0.31605.320
MinimumVisualStudioVersion = 10.0.40219.1
Project("{8BC9CEB8-8B4A-11D0-8D11-00A0C91BC942}") = "vs2019", "vs2019.vcxproj", "{75ED5682-CDFE-4CB6-9E5F-B852EF5607FB}"
EndProject
Project("{8BC9CEB8-8B4A-11D0-8D11-00A0C91BC942}") = "ffmpeg_player", "..\ffmpeg_player\ffmpeg_player.vcxproj", "{F2C2F93C-637C-3237-BACA-82C04A94353C}"
	ProjectSection(ProjectDependencies) = postProject
		{75ED5682-CDFE-4CB6-9E5F-B852EF5607FB} = {75ED5682-CDFE-4CB6-9E5F-B852EF5607FB}
	EndProjectSection
EndProject
Global
	GlobalSection(SolutionConfigurationPlatforms) = preSolution
		Debug_cmd|x64 = Debug_cmd|x64
		Debug_cmd|x86 = Debug_cmd|x86
		Debug|x64 = Debug|x64
		Debug|x86 = Debug|x86
		Release|x64 = Release|x64
		Release|x86 = Release|x86
	EndGlobalSection
	GlobalSection(ProjectConfigurationPlatforms) = postSolution
		{75ED5682-CDFE-4CB6-9E5F-B852EF5607FB}.Debug_cmd|x64.ActiveCfg = Debug_cmd|x64
		{75ED5682-CDFE-4CB6-9E5F-B852EF5607FB}.Debug_cmd|x64.Build.0 = Debug_cmd|x64
		{75ED5682-CDFE-4CB6-9E5F-B852EF5607FB}.Debug_cmd|x86.ActiveCfg = Debug_cmd|Win32
		{75ED5682-CDFE-4CB6-9E5F-B852EF5607FB}.Debug_cmd|x86.Build.0 = Debug_cmd|Win32
		{75ED5682-CDFE-4CB6-9E5F-B852EF5607FB}.Debug|x64.ActiveCfg = Debug|x64
		{75ED5682-CDFE-4CB6-9E5F-B852EF5607FB}.Debug|x64.Build.0 = Debug|x64
		{75ED5682-CDFE-4CB6-9E5F-B852EF5607FB}.Debug|x86.ActiveCfg = Debug|Win32
		{75ED5682-CDFE-4CB6-9E5F-B852EF5607FB}.Debug|x86.Build.0 = Debug|Win32
		{75ED5682-CDFE-4CB6-9E5F-B852EF5607FB}.Release|x64.ActiveCfg = Release|x64
		{75ED5682-CDFE-4CB6-9E5F-B852EF5607FB}.Release|x64.Build.0 = Release|x64
		{75ED5682-CDFE-4CB6-9E5F-B852EF5607FB}.Release|x86.ActiveCfg = Release|Win32
		{75ED5682-CDFE-4CB6-9E5F-B852EF5607FB}.Release|x86.Build.0 = Release|Win32
		{F2C2F93C-637C-3237-BACA-82C04A94353C}.Debug_cmd|x64.ActiveCfg = Debug|x64
		{F2C2F93C-637C-3237-BACA-82C04A94353C}.Debug_cmd|x86.ActiveCfg = Debug_cmd|x64
		{F2C2F93C-637C-3237-BACA-82C04A94353C}.Debug|x64.ActiveCfg = Debug|x64
		{F2C2F93C-637C-3237-BACA-82C04A94353C}.Debug|x64.Build.0 = Debug|x64
		{F2C2F93C-637C-3237-BACA-82C04A94353C}.Debug|x86.ActiveCfg = Debug|x64
		{F2C2F93C-637C-3237-BACA-82C04A94353C}.Release|x64.ActiveCfg = Release|x64
		{F2C2F93C-637C-3237-BACA-82C04A94353C}.Release|x64.Build.0 = Release|x64
		{F2C2F93C-637C-3237-BACA-82C04A94353C}.Release|x86.ActiveCfg = Release|x64
	EndGlobalSection
	GlobalSection(SolutionProperties) = preSolution
		HideSolutionNode = FALSE
	EndGlobalSection
	GlobalSection(ExtensibilityGlobals) = postSolution
		SolutionGuid = {D3D90B16-305E-4B86-B888-66500B157E2B}
	EndGlobalSection
EndGlobal
