<?xml version="1.0" encoding="utf-8"?>
<Project ToolsVersion="4.0" xmlns="http://schemas.microsoft.com/developer/msbuild/2003">
  <ItemGroup>
    <Filter Include="Source Files">
      <UniqueIdentifier>{4FC737F1-C7A5-4376-A066-2A32D752A2FF}</UniqueIdentifier>
      <Extensions>cpp;c;cc;cxx;c++;cppm;ixx;def;odl;idl;hpj;bat;asm;asmx</Extensions>
    </Filter>
    <Filter Include="Header Files">
      <UniqueIdentifier>{93995380-89BD-4b04-88EB-625FBE52EBFB}</UniqueIdentifier>
      <Extensions>h;hh;hpp;hxx;h++;hm;inl;inc;ipp;xsd</Extensions>
    </Filter>
    <Filter Include="Resource Files">
      <UniqueIdentifier>{67DA6AB6-F800-4c08-8B7A-83BB121AAD01}</UniqueIdentifier>
      <Extensions>rc;ico;cur;bmp;dlg;rc2;rct;bin;rgs;gif;jpg;jpeg;jpe;resx;tiff;tif;png;wav;mfcribbon-ms</Extensions>
    </Filter>
    <Filter Include="src">
      <UniqueIdentifier>{15bf5678-7efd-438e-a046-8ee03c8f2b03}</UniqueIdentifier>
    </Filter>
    <Filter Include="ffmpeg_example">
      <UniqueIdentifier>{30f397a8-4564-42a5-828a-a1142c55323c}</UniqueIdentifier>
    </Filter>
    <Filter Include="src\player">
      <UniqueIdentifier>{1931754f-4c61-445f-babc-75f58643bf7e}</UniqueIdentifier>
    </Filter>
    <Filter Include="src\maker">
      <UniqueIdentifier>{a3afbc7b-d2c7-4fbc-b825-23cbd7351dae}</UniqueIdentifier>
    </Filter>
  </ItemGroup>
  <ItemGroup>
    <ClCompile Include="vs2019.cpp">
      <Filter>Source Files</Filter>
    </ClCompile>
    <ClCompile Include="..\src\tool.cpp">
      <Filter>src</Filter>
    </ClCompile>
    <ClCompile Include="..\ffmpeg_example\ffplay.c">
      <Filter>ffmpeg_example</Filter>
    </ClCompile>
    <ClCompile Include="..\ffmpeg_example\cmdutils.c">
      <Filter>ffmpeg_example</Filter>
    </ClCompile>
    <ClCompile Include="..\src\player\audio_decode.cpp">
      <Filter>src\player</Filter>
    </ClCompile>
    <ClCompile Include="..\src\player\decode.cpp">
      <Filter>src\player</Filter>
    </ClCompile>
    <ClCompile Include="..\src\player\demux.cpp">
      <Filter>src\player</Filter>
    </ClCompile>
    <ClCompile Include="..\src\player\player.cpp">
      <Filter>src\player</Filter>
    </ClCompile>
    <ClCompile Include="..\src\player\sub_decode.cpp">
      <Filter>src\player</Filter>
    </ClCompile>
    <ClCompile Include="..\src\player\video_decode.cpp">
      <Filter>src\player</Filter>
    </ClCompile>
    <ClCompile Include="..\src\maker\maker.cpp">
      <Filter>src\maker</Filter>
    </ClCompile>
    <ClCompile Include="..\ffmpeg_example\muxing.c">
      <Filter>ffmpeg_example</Filter>
    </ClCompile>
    <ClCompile Include="..\ffmpeg_example\remuxing.c">
      <Filter>ffmpeg_example</Filter>
    </ClCompile>
    <ClCompile Include="..\ffmpeg_example\resampling_audio.c">
      <Filter>ffmpeg_example</Filter>
    </ClCompile>
    <ClCompile Include="..\ffmpeg_example\scaling_video.c">
      <Filter>ffmpeg_example</Filter>
    </ClCompile>
    <ClCompile Include="..\ffmpeg_example\transcode_aac.c">
      <Filter>ffmpeg_example</Filter>
    </ClCompile>
    <ClCompile Include="..\ffmpeg_example\transcoding.c">
      <Filter>ffmpeg_example</Filter>
    </ClCompile>
    <ClCompile Include="..\src\maker\audio_encode.cpp">
      <Filter>src\maker</Filter>
    </ClCompile>
    <ClCompile Include="..\src\maker\video_encode.cpp">
      <Filter>src\maker</Filter>
    </ClCompile>
    <ClCompile Include="..\src\maker\mux.cpp">
      <Filter>src\maker</Filter>
    </ClCompile>
  </ItemGroup>
  <ItemGroup>
    <ClInclude Include="..\src\tool.h">
      <Filter>src</Filter>
    </ClInclude>
    <ClInclude Include="..\ffmpeg_example\ffplay.h">
      <Filter>ffmpeg_example</Filter>
    </ClInclude>
    <ClInclude Include="..\ffmpeg_example\cmdutils.h">
      <Filter>ffmpeg_example</Filter>
    </ClInclude>
    <ClInclude Include="..\src\player\audio_decode.h">
      <Filter>src\player</Filter>
    </ClInclude>
    <ClInclude Include="..\src\player\decode.h">
      <Filter>src\player</Filter>
    </ClInclude>
    <ClInclude Include="..\src\player\demux.h">
      <Filter>src\player</Filter>
    </ClInclude>
    <ClInclude Include="..\src\player\player.h">
      <Filter>src\player</Filter>
    </ClInclude>
    <ClInclude Include="..\src\player\sub_decode.h">
      <Filter>src\player</Filter>
    </ClInclude>
    <ClInclude Include="..\src\player\video_decode.h">
      <Filter>src\player</Filter>
    </ClInclude>
    <ClInclude Include="..\src\maker\maker.h">
      <Filter>src\maker</Filter>
    </ClInclude>
    <ClInclude Include="..\src\maker\audio_encode.h">
      <Filter>src\maker</Filter>
    </ClInclude>
    <ClInclude Include="..\src\maker\video_encode.h">
      <Filter>src\maker</Filter>
    </ClInclude>
    <ClInclude Include="..\src\maker\mux.h">
      <Filter>src\maker</Filter>
    </ClInclude>
  </ItemGroup>
</Project>